// !$*UTF8*$!
{
	archiveVersion = 1;
	classes = {
	};
	objectVersion = 46;
	objects = {

/* Begin PBXBuildFile section */
		63BABB931E6E2ADA00E0F72D /* main.m in Sources */ = {isa = PBXBuildFile; fileRef = 63BABB921E6E2ADA00E0F72D /* main.m */; };
		63BABB961E6E2ADA00E0F72D /* AppDelegate.m in Sources */ = {isa = PBXBuildFile; fileRef = 63BABB951E6E2ADA00E0F72D /* AppDelegate.m */; };
		63BABB991E6E2ADA00E0F72D /* ViewController.m in Sources */ = {isa = PBXBuildFile; fileRef = 63BABB981E6E2ADA00E0F72D /* ViewController.m */; };
		63BABB9C1E6E2ADA00E0F72D /* Main.storyboard in Resources */ = {isa = PBXBuildFile; fileRef = 63BABB9A1E6E2ADA00E0F72D /* Main.storyboard */; };
		63BABB9E1E6E2ADA00E0F72D /* Assets.xcassets in Resources */ = {isa = PBXBuildFile; fileRef = 63BABB9D1E6E2ADA00E0F72D /* Assets.xcassets */; };
		63BABBA11E6E2ADA00E0F72D /* LaunchScreen.storyboard in Resources */ = {isa = PBXBuildFile; fileRef = 63BABB9F1E6E2ADA00E0F72D /* LaunchScreen.storyboard */; };
		63BABBB01E6E342C00E0F72D /* ThoughtsStorage.m in Sources */ = {isa = PBXBuildFile; fileRef = 63BABBAF1E6E342C00E0F72D /* ThoughtsStorage.m */; };
		63BABBC51E6E5A6400E0F72D /* ThoughtsViewController.m in Sources */ = {isa = PBXBuildFile; fileRef = 63BABBC41E6E5A6400E0F72D /* ThoughtsViewController.m */; };
		63BABBC61E6E5A7500E0F72D /* CoreData.framework in Frameworks */ = {isa = PBXBuildFile; fileRef = 63BABBB21E6E50C500E0F72D /* CoreData.framework */; };
		63BABBC71E6E5A7A00E0F72D /* SystemConfiguration.framework in Frameworks */ = {isa = PBXBuildFile; fileRef = 63BABBB41E6E50CB00E0F72D /* SystemConfiguration.framework */; };
		63BABBC91E6E5A8000E0F72D /* libz.tbd in Frameworks */ = {isa = PBXBuildFile; fileRef = 63BABBC81E6E5A8000E0F72D /* libz.tbd */; };
		63BABBCB1E6E5A8700E0F72D /* libsqlite3.tbd in Frameworks */ = {isa = PBXBuildFile; fileRef = 63BABBCA1E6E5A8700E0F72D /* libsqlite3.tbd */; };
		63BABBCD1E6E5A9B00E0F72D /* AdSupport.framework in Frameworks */ = {isa = PBXBuildFile; fileRef = 63BABBCC1E6E5A9B00E0F72D /* AdSupport.framework */; };
		63BABBD11E6E5AB900E0F72D /* libGoogleAnalyticsServices.a in Frameworks */ = {isa = PBXBuildFile; fileRef = 63BABBCF1E6E5AB900E0F72D /* libGoogleAnalyticsServices.a */; };
		63BABBDB1E6E5B9200E0F72D /* AnalyticsManager.m in Sources */ = {isa = PBXBuildFile; fileRef = 63BABBDA1E6E5B9200E0F72D /* AnalyticsManager.m */; };
		63BABBE11E6E639300E0F72D /* iAd.framework in Frameworks */ = {isa = PBXBuildFile; fileRef = 63BABBE01E6E639300E0F72D /* iAd.framework */; };
		63BABBE31E6E664D00E0F72D /* libAdIdAccess.a in Frameworks */ = {isa = PBXBuildFile; fileRef = 63BABBE21E6E664D00E0F72D /* libAdIdAccess.a */; };
		63BABBE51E6E671000E0F72D /* GTM-MJ5TNVR in Resources */ = {isa = PBXBuildFile; fileRef = 63BABBE41E6E671000E0F72D /* GTM-MJ5TNVR */; };
		63BABBE91E6E69E900E0F72D /* libAdIdAccessLibrary.a in Frameworks */ = {isa = PBXBuildFile; fileRef = 63BABBE81E6E69E900E0F72D /* libAdIdAccessLibrary.a */; };
/* End PBXBuildFile section */

/* Begin PBXFileReference section */
		63BABB8E1E6E2ADA00E0F72D /* thoughtReminder.app */ = {isa = PBXFileReference; explicitFileType = wrapper.application; includeInIndex = 0; path = thoughtReminder.app; sourceTree = BUILT_PRODUCTS_DIR; };
		63BABB921E6E2ADA00E0F72D /* main.m */ = {isa = PBXFileReference; lastKnownFileType = sourcecode.c.objc; path = main.m; sourceTree = "<group>"; };
		63BABB941E6E2ADA00E0F72D /* AppDelegate.h */ = {isa = PBXFileReference; lastKnownFileType = sourcecode.c.h; path = AppDelegate.h; sourceTree = "<group>"; };
		63BABB951E6E2ADA00E0F72D /* AppDelegate.m */ = {isa = PBXFileReference; lastKnownFileType = sourcecode.c.objc; path = AppDelegate.m; sourceTree = "<group>"; };
		63BABB971E6E2ADA00E0F72D /* ViewController.h */ = {isa = PBXFileReference; lastKnownFileType = sourcecode.c.h; path = ViewController.h; sourceTree = "<group>"; };
		63BABB981E6E2ADA00E0F72D /* ViewController.m */ = {isa = PBXFileReference; lastKnownFileType = sourcecode.c.objc; path = ViewController.m; sourceTree = "<group>"; };
		63BABB9B1E6E2ADA00E0F72D /* Base */ = {isa = PBXFileReference; lastKnownFileType = file.storyboard; name = Base; path = Base.lproj/Main.storyboard; sourceTree = "<group>"; };
		63BABB9D1E6E2ADA00E0F72D /* Assets.xcassets */ = {isa = PBXFileReference; lastKnownFileType = folder.assetcatalog; path = Assets.xcassets; sourceTree = "<group>"; };
		63BABBA01E6E2ADA00E0F72D /* Base */ = {isa = PBXFileReference; lastKnownFileType = file.storyboard; name = Base; path = Base.lproj/LaunchScreen.storyboard; sourceTree = "<group>"; };
		63BABBA21E6E2ADA00E0F72D /* Info.plist */ = {isa = PBXFileReference; lastKnownFileType = text.plist.xml; path = Info.plist; sourceTree = "<group>"; };
		63BABBAE1E6E342C00E0F72D /* ThoughtsStorage.h */ = {isa = PBXFileReference; fileEncoding = 4; lastKnownFileType = sourcecode.c.h; path = ThoughtsStorage.h; sourceTree = "<group>"; };
		63BABBAF1E6E342C00E0F72D /* ThoughtsStorage.m */ = {isa = PBXFileReference; fileEncoding = 4; lastKnownFileType = sourcecode.c.objc; path = ThoughtsStorage.m; sourceTree = "<group>"; };
		63BABBB21E6E50C500E0F72D /* CoreData.framework */ = {isa = PBXFileReference; lastKnownFileType = wrapper.framework; name = CoreData.framework; path = System/Library/Frameworks/CoreData.framework; sourceTree = SDKROOT; };
		63BABBB41E6E50CB00E0F72D /* SystemConfiguration.framework */ = {isa = PBXFileReference; lastKnownFileType = wrapper.framework; name = SystemConfiguration.framework; path = System/Library/Frameworks/SystemConfiguration.framework; sourceTree = SDKROOT; };
		63BABBC31E6E5A6400E0F72D /* ThoughtsViewController.h */ = {isa = PBXFileReference; fileEncoding = 4; lastKnownFileType = sourcecode.c.h; path = ThoughtsViewController.h; sourceTree = "<group>"; };
		63BABBC41E6E5A6400E0F72D /* ThoughtsViewController.m */ = {isa = PBXFileReference; fileEncoding = 4; lastKnownFileType = sourcecode.c.objc; path = ThoughtsViewController.m; sourceTree = "<group>"; };
		63BABBC81E6E5A8000E0F72D /* libz.tbd */ = {isa = PBXFileReference; lastKnownFileType = "sourcecode.text-based-dylib-definition"; name = libz.tbd; path = usr/lib/libz.tbd; sourceTree = SDKROOT; };
		63BABBCA1E6E5A8700E0F72D /* libsqlite3.tbd */ = {isa = PBXFileReference; lastKnownFileType = "sourcecode.text-based-dylib-definition"; name = libsqlite3.tbd; path = usr/lib/libsqlite3.tbd; sourceTree = SDKROOT; };
		63BABBCC1E6E5A9B00E0F72D /* AdSupport.framework */ = {isa = PBXFileReference; lastKnownFileType = wrapper.framework; name = AdSupport.framework; path = System/Library/Frameworks/AdSupport.framework; sourceTree = SDKROOT; };
		63BABBCF1E6E5AB900E0F72D /* libGoogleAnalyticsServices.a */ = {isa = PBXFileReference; lastKnownFileType = archive.ar; path = libGoogleAnalyticsServices.a; sourceTree = "<group>"; };
		63BABBD21E6E5AC600E0F72D /* TAGContainer.h */ = {isa = PBXFileReference; lastKnownFileType = sourcecode.c.h; path = TAGContainer.h; sourceTree = "<group>"; };
		63BABBD31E6E5AC600E0F72D /* TAGContainerOpener.h */ = {isa = PBXFileReference; lastKnownFileType = sourcecode.c.h; path = TAGContainerOpener.h; sourceTree = "<group>"; };
		63BABBD41E6E5AC600E0F72D /* TAGDataLayer.h */ = {isa = PBXFileReference; lastKnownFileType = sourcecode.c.h; path = TAGDataLayer.h; sourceTree = "<group>"; };
		63BABBD51E6E5AC600E0F72D /* TAGLogger.h */ = {isa = PBXFileReference; lastKnownFileType = sourcecode.c.h; path = TAGLogger.h; sourceTree = "<group>"; };
		63BABBD61E6E5AC600E0F72D /* TAGManager.h */ = {isa = PBXFileReference; lastKnownFileType = sourcecode.c.h; path = TAGManager.h; sourceTree = "<group>"; };
		63BABBD91E6E5B9200E0F72D /* AnalyticsManager.h */ = {isa = PBXFileReference; fileEncoding = 4; lastKnownFileType = sourcecode.c.h; path = AnalyticsManager.h; sourceTree = "<group>"; };
		63BABBDA1E6E5B9200E0F72D /* AnalyticsManager.m */ = {isa = PBXFileReference; fileEncoding = 4; lastKnownFileType = sourcecode.c.objc; path = AnalyticsManager.m; sourceTree = "<group>"; };
		63BABBE01E6E639300E0F72D /* iAd.framework */ = {isa = PBXFileReference; lastKnownFileType = wrapper.framework; name = iAd.framework; path = System/Library/Frameworks/iAd.framework; sourceTree = SDKROOT; };
		63BABBE21E6E664D00E0F72D /* libAdIdAccess.a */ = {isa = PBXFileReference; lastKnownFileType = archive.ar; path = libAdIdAccess.a; sourceTree = "<group>"; };
		63BABBE41E6E671000E0F72D /* GTM-MJ5TNVR */ = {isa = PBXFileReference; lastKnownFileType = file; path = "GTM-MJ5TNVR"; sourceTree = "<group>"; };
		63BABBE81E6E69E900E0F72D /* libAdIdAccessLibrary.a */ = {isa = PBXFileReference; lastKnownFileType = archive.ar; path = libAdIdAccessLibrary.a; sourceTree = "<group>"; };
/* End PBXFileReference section */

/* Begin PBXFrameworksBuildPhase section */
		63BABB8B1E6E2AD900E0F72D /* Frameworks */ = {
			isa = PBXFrameworksBuildPhase;
			buildActionMask = 2147483647;
			files = (
				63BABBE11E6E639300E0F72D /* iAd.framework in Frameworks */,
				63BABBE31E6E664D00E0F72D /* libAdIdAccess.a in Frameworks */,
				63BABBCD1E6E5A9B00E0F72D /* AdSupport.framework in Frameworks */,
				63BABBCB1E6E5A8700E0F72D /* libsqlite3.tbd in Frameworks */,
				63BABBD11E6E5AB900E0F72D /* libGoogleAnalyticsServices.a in Frameworks */,
				63BABBC91E6E5A8000E0F72D /* libz.tbd in Frameworks */,
				63BABBC71E6E5A7A00E0F72D /* SystemConfiguration.framework in Frameworks */,
				63BABBC61E6E5A7500E0F72D /* CoreData.framework in Frameworks */,
				63BABBE91E6E69E900E0F72D /* libAdIdAccessLibrary.a in Frameworks */,
			);
			runOnlyForDeploymentPostprocessing = 0;
		};
/* End PBXFrameworksBuildPhase section */

/* Begin PBXGroup section */
		63BABB851E6E2AD900E0F72D = {
			isa = PBXGroup;
			children = (
				63BABB901E6E2ADA00E0F72D /* thoughtReminder */,
				63BABB8F1E6E2ADA00E0F72D /* Products */,
				63BABBB11E6E50C400E0F72D /* Frameworks */,
			);
			sourceTree = "<group>";
		};
		63BABB8F1E6E2ADA00E0F72D /* Products */ = {
			isa = PBXGroup;
			children = (
				63BABB8E1E6E2ADA00E0F72D /* thoughtReminder.app */,
			);
			name = Products;
			sourceTree = "<group>";
		};
		63BABB901E6E2ADA00E0F72D /* thoughtReminder */ = {
			isa = PBXGroup;
			children = (
				63BABB941E6E2ADA00E0F72D /* AppDelegate.h */,
				63BABB951E6E2ADA00E0F72D /* AppDelegate.m */,
				63BABB971E6E2ADA00E0F72D /* ViewController.h */,
				63BABB981E6E2ADA00E0F72D /* ViewController.m */,
				63BABBC31E6E5A6400E0F72D /* ThoughtsViewController.h */,
				63BABBC41E6E5A6400E0F72D /* ThoughtsViewController.m */,
				63BABBAE1E6E342C00E0F72D /* ThoughtsStorage.h */,
				63BABBAF1E6E342C00E0F72D /* ThoughtsStorage.m */,
				63BABBD91E6E5B9200E0F72D /* AnalyticsManager.h */,
				63BABBDA1E6E5B9200E0F72D /* AnalyticsManager.m */,
				63BABB9A1E6E2ADA00E0F72D /* Main.storyboard */,
				63BABB9D1E6E2ADA00E0F72D /* Assets.xcassets */,
				63BABB9F1E6E2ADA00E0F72D /* LaunchScreen.storyboard */,
				63BABBA21E6E2ADA00E0F72D /* Info.plist */,
				63BABB911E6E2ADA00E0F72D /* Supporting Files */,
			);
			path = thoughtReminder;
			sourceTree = "<group>";
		};
		63BABB911E6E2ADA00E0F72D /* Supporting Files */ = {
			isa = PBXGroup;
			children = (
				63BABBE41E6E671000E0F72D /* GTM-MJ5TNVR */,
				63BABBD21E6E5AC600E0F72D /* TAGContainer.h */,
				63BABBD31E6E5AC600E0F72D /* TAGContainerOpener.h */,
				63BABBD41E6E5AC600E0F72D /* TAGDataLayer.h */,
				63BABBD51E6E5AC600E0F72D /* TAGLogger.h */,
				63BABBD61E6E5AC600E0F72D /* TAGManager.h */,
				63BABBCF1E6E5AB900E0F72D /* libGoogleAnalyticsServices.a */,
				63BABBE81E6E69E900E0F72D /* libAdIdAccessLibrary.a */,
				63BABBE21E6E664D00E0F72D /* libAdIdAccess.a */,
				63BABB921E6E2ADA00E0F72D /* main.m */,
			);
			name = "Supporting Files";
			sourceTree = "<group>";
		};
		63BABBB11E6E50C400E0F72D /* Frameworks */ = {
			isa = PBXGroup;
			children = (
				63BABBE01E6E639300E0F72D /* iAd.framework */,
				63BABBCC1E6E5A9B00E0F72D /* AdSupport.framework */,
				63BABBCA1E6E5A8700E0F72D /* libsqlite3.tbd */,
				63BABBC81E6E5A8000E0F72D /* libz.tbd */,
				63BABBB41E6E50CB00E0F72D /* SystemConfiguration.framework */,
				63BABBB21E6E50C500E0F72D /* CoreData.framework */,
			);
			name = Frameworks;
			sourceTree = "<group>";
		};
/* End PBXGroup section */

/* Begin PBXNativeTarget section */
		63BABB8D1E6E2AD900E0F72D /* thoughtReminder */ = {
			isa = PBXNativeTarget;
			buildConfigurationList = 63BABBA51E6E2ADA00E0F72D /* Build configuration list for PBXNativeTarget "thoughtReminder" */;
			buildPhases = (
				63BABB8A1E6E2AD900E0F72D /* Sources */,
				63BABB8B1E6E2AD900E0F72D /* Frameworks */,
				63BABB8C1E6E2AD900E0F72D /* Resources */,
			);
			buildRules = (
			);
			dependencies = (
			);
			name = thoughtReminder;
			productName = thoughtReminder;
			productReference = 63BABB8E1E6E2ADA00E0F72D /* thoughtReminder.app */;
			productType = "com.apple.product-type.application";
		};
/* End PBXNativeTarget section */

/* Begin PBXProject section */
		63BABB861E6E2AD900E0F72D /* Project object */ = {
			isa = PBXProject;
			attributes = {
				LastUpgradeCheck = 0820;
				ORGANIZATIONNAME = VincentLee;
				TargetAttributes = {
					63BABB8D1E6E2AD900E0F72D = {
						CreatedOnToolsVersion = 8.2.1;
						DevelopmentTeam = GBG956P6A4;
						ProvisioningStyle = Automatic;
					};
				};
			};
			buildConfigurationList = 63BABB891E6E2AD900E0F72D /* Build configuration list for PBXProject "thoughtReminder" */;
			compatibilityVersion = "Xcode 3.2";
			developmentRegion = English;
			hasScannedForEncodings = 0;
			knownRegions = (
				en,
				Base,
			);
			mainGroup = 63BABB851E6E2AD900E0F72D;
			productRefGroup = 63BABB8F1E6E2ADA00E0F72D /* Products */;
			projectDirPath = "";
			projectRoot = "";
			targets = (
				63BABB8D1E6E2AD900E0F72D /* thoughtReminder */,
			);
		};
/* End PBXProject section */

/* Begin PBXResourcesBuildPhase section */
		63BABB8C1E6E2AD900E0F72D /* Resources */ = {
			isa = PBXResourcesBuildPhase;
			buildActionMask = 2147483647;
			files = (
				63BABBA11E6E2ADA00E0F72D /* LaunchScreen.storyboard in Resources */,
				63BABBE51E6E671000E0F72D /* GTM-MJ5TNVR in Resources */,
				63BABB9E1E6E2ADA00E0F72D /* Assets.xcassets in Resources */,
				63BABB9C1E6E2ADA00E0F72D /* Main.storyboard in Resources */,
			);
			runOnlyForDeploymentPostprocessing = 0;
		};
/* End PBXResourcesBuildPhase section */

/* Begin PBXSourcesBuildPhase section */
		63BABB8A1E6E2AD900E0F72D /* Sources */ = {
			isa = PBXSourcesBuildPhase;
			buildActionMask = 2147483647;
			files = (
				63BABBDB1E6E5B9200E0F72D /* AnalyticsManager.m in Sources */,
				63BABB991E6E2ADA00E0F72D /* ViewController.m in Sources */,
				63BABBC51E6E5A6400E0F72D /* ThoughtsViewController.m in Sources */,
				63BABB961E6E2ADA00E0F72D /* AppDelegate.m in Sources */,
				63BABB931E6E2ADA00E0F72D /* main.m in Sources */,
				63BABBB01E6E342C00E0F72D /* ThoughtsStorage.m in Sources */,
			);
			runOnlyForDeploymentPostprocessing = 0;
		};
/* End PBXSourcesBuildPhase section */

/* Begin PBXVariantGroup section */
		63BABB9A1E6E2ADA00E0F72D /* Main.storyboard */ = {
			isa = PBXVariantGroup;
			children = (
				63BABB9B1E6E2ADA00E0F72D /* Base */,
			);
			name = Main.storyboard;
			sourceTree = "<group>";
		};
		63BABB9F1E6E2ADA00E0F72D /* LaunchScreen.storyboard */ = {
			isa = PBXVariantGroup;
			children = (
				63BABBA01E6E2ADA00E0F72D /* Base */,
			);
			name = LaunchScreen.storyboard;
			sourceTree = "<group>";
		};
/* End PBXVariantGroup section */

/* Begin XCBuildConfiguration section */
		63BABBA31E6E2ADA00E0F72D /* Debug */ = {
			isa = XCBuildConfiguration;
			buildSettings = {
				ALWAYS_SEARCH_USER_PATHS = NO;
				CLANG_ANALYZER_NONNULL = YES;
				CLANG_CXX_LANGUAGE_STANDARD = "gnu++0x";
				CLANG_CXX_LIBRARY = "libc++";
				CLANG_ENABLE_MODULES = YES;
				CLANG_ENABLE_OBJC_ARC = YES;
				CLANG_WARN_BOOL_CONVERSION = YES;
				CLANG_WARN_CONSTANT_CONVERSION = YES;
				CLANG_WARN_DIRECT_OBJC_ISA_USAGE = YES_ERROR;
				CLANG_WARN_DOCUMENTATION_COMMENTS = YES;
				CLANG_WARN_EMPTY_BODY = YES;
				CLANG_WARN_ENUM_CONVERSION = YES;
				CLANG_WARN_INFINITE_RECURSION = YES;
				CLANG_WARN_INT_CONVERSION = YES;
				CLANG_WARN_OBJC_ROOT_CLASS = YES_ERROR;
				CLANG_WARN_SUSPICIOUS_MOVE = YES;
				CLANG_WARN_UNREACHABLE_CODE = YES;
				CLANG_WARN__DUPLICATE_METHOD_MATCH = YES;
				"CODE_SIGN_IDENTITY[sdk=iphoneos*]" = "iPhone Developer";
				COPY_PHASE_STRIP = NO;
				DEBUG_INFORMATION_FORMAT = dwarf;
				ENABLE_STRICT_OBJC_MSGSEND = YES;
				ENABLE_TESTABILITY = YES;
				GCC_C_LANGUAGE_STANDARD = gnu99;
				GCC_DYNAMIC_NO_PIC = NO;
				GCC_NO_COMMON_BLOCKS = YES;
				GCC_OPTIMIZATION_LEVEL = 0;
				GCC_PREPROCESSOR_DEFINITIONS = (
					"DEBUG=1",
					"$(inherited)",
				);
				GCC_WARN_64_TO_32_BIT_CONVERSION = YES;
				GCC_WARN_ABOUT_RETURN_TYPE = YES_ERROR;
				GCC_WARN_UNDECLARED_SELECTOR = YES;
				GCC_WARN_UNINITIALIZED_AUTOS = YES_AGGRESSIVE;
				GCC_WARN_UNUSED_FUNCTION = YES;
				GCC_WARN_UNUSED_VARIABLE = YES;
				IPHONEOS_DEPLOYMENT_TARGET = 10.2;
				MTL_ENABLE_DEBUG_INFO = YES;
				ONLY_ACTIVE_ARCH = YES;
				SDKROOT = iphoneos;
				TARGETED_DEVICE_FAMILY = "1,2";
			};
			name = Debug;
		};
		63BABBA41E6E2ADA00E0F72D /* Release */ = {
			isa = XCBuildConfiguration;
			buildSettings = {
				ALWAYS_SEARCH_USER_PATHS = NO;
				CLANG_ANALYZER_NONNULL = YES;
				CLANG_CXX_LANGUAGE_STANDARD = "gnu++0x";
				CLANG_CXX_LIBRARY = "libc++";
				CLANG_ENABLE_MODULES = YES;
				CLANG_ENABLE_OBJC_ARC = YES;
				CLANG_WARN_BOOL_CONVERSION = YES;
				CLANG_WARN_CONSTANT_CONVERSION = YES;
				CLANG_WARN_DIRECT_OBJC_ISA_USAGE = YES_ERROR;
				CLANG_WARN_DOCUMENTATION_COMMENTS = YES;
				CLANG_WARN_EMPTY_BODY = YES;
				CLANG_WARN_ENUM_CONVERSION = YES;
				CLANG_WARN_INFINITE_RECURSION = YES;
				CLANG_WARN_INT_CONVERSION = YES;
				CLANG_WARN_OBJC_ROOT_CLASS = YES_ERROR;
				CLANG_WARN_SUSPICIOUS_MOVE = YES;
				CLANG_WARN_UNREACHABLE_CODE = YES;
				CLANG_WARN__DUPLICATE_METHOD_MATCH = YES;
				"CODE_SIGN_IDENTITY[sdk=iphoneos*]" = "iPhone Developer";
				COPY_PHASE_STRIP = NO;
				DEBUG_INFORMATION_FORMAT = "dwarf-with-dsym";
				ENABLE_NS_ASSERTIONS = NO;
				ENABLE_STRICT_OBJC_MSGSEND = YES;
				GCC_C_LANGUAGE_STANDARD = gnu99;
				GCC_NO_COMMON_BLOCKS = YES;
				GCC_WARN_64_TO_32_BIT_CONVERSION = YES;
				GCC_WARN_ABOUT_RETURN_TYPE = YES_ERROR;
				GCC_WARN_UNDECLARED_SELECTOR = YES;
				GCC_WARN_UNINITIALIZED_AUTOS = YES_AGGRESSIVE;
				GCC_WARN_UNUSED_FUNCTION = YES;
				GCC_WARN_UNUSED_VARIABLE = YES;
				IPHONEOS_DEPLOYMENT_TARGET = 10.2;
				MTL_ENABLE_DEBUG_INFO = NO;
				SDKROOT = iphoneos;
				TARGETED_DEVICE_FAMILY = "1,2";
				VALIDATE_PRODUCT = YES;
			};
			name = Release;
		};
		63BABBA61E6E2ADA00E0F72D /* Debug */ = {
			isa = XCBuildConfiguration;
			buildSettings = {
				ASSETCATALOG_COMPILER_APPICON_NAME = AppIcon;
				DEVELOPMENT_TEAM = GBG956P6A4;
				INFOPLIST_FILE = thoughtReminder/Info.plist;
				LD_RUNPATH_SEARCH_PATHS = "$(inherited) @executable_path/Frameworks";
				LIBRARY_SEARCH_PATHS = (
					"$(inherited)",
					$PROJECT_DIR/thoughtReminder/,
					"$(PROJECT_DIR)/thoughtReminder",
				);
				OTHER_LDFLAGS = (
					"-force_load",
					$PROJECT_DIR/thoughtReminder/libAdIdAccess.a,
				);
				PRODUCT_BUNDLE_IDENTIFIER = com.vincent.lee.thoughtReminder.thoughtReminder;
				PRODUCT_NAME = "$(TARGET_NAME)";
			};
			name = Debug;
		};
		63BABBA71E6E2ADA00E0F72D /* Release */ = {
			isa = XCBuildConfiguration;
			buildSettings = {
				ASSETCATALOG_COMPILER_APPICON_NAME = AppIcon;
				DEVELOPMENT_TEAM = GBG956P6A4;
				INFOPLIST_FILE = thoughtReminder/Info.plist;
				LD_RUNPATH_SEARCH_PATHS = "$(inherited) @executable_path/Frameworks";
				LIBRARY_SEARCH_PATHS = (
					"$(inherited)",
					$PROJECT_DIR/thoughtReminder/,
					"$(PROJECT_DIR)/thoughtReminder",
				);
				OTHER_LDFLAGS = (
					"-force_load",
					$PROJECT_DIR/thoughtReminder/libAdIdAccess.a,
				);
				PRODUCT_BUNDLE_IDENTIFIER = com.vincent.lee.thoughtReminder.thoughtReminder;
				PRODUCT_NAME = "$(TARGET_NAME)";
			};
			name = Release;
		};
/* End XCBuildConfiguration section */

/* Begin XCConfigurationList section */
		63BABB891E6E2AD900E0F72D /* Build configuration list for PBXProject "thoughtReminder" */ = {
			isa = XCConfigurationList;
			buildConfigurations = (
				63BABBA31E6E2ADA00E0F72D /* Debug */,
				63BABBA41E6E2ADA00E0F72D /* Release */,
			);
			defaultConfigurationIsVisible = 0;
			defaultConfigurationName = Release;
		};
		63BABBA51E6E2ADA00E0F72D /* Build configuration list for PBXNativeTarget "thoughtReminder" */ = {
			isa = XCConfigurationList;
			buildConfigurations = (
				63BABBA61E6E2ADA00E0F72D /* Debug */,
				63BABBA71E6E2ADA00E0F72D /* Release */,
			);
			defaultConfigurationIsVisible = 0;
			defaultConfigurationName = Release;
		};
/* End XCConfigurationList section */
	};
	rootObject = 63BABB861E6E2AD900E0F72D /* Project object */;
}
